<Solution>
  <Project Path="D:/Programiranje/Patterns/CodeSnippets/Testing/Aproval Tests for .NET Pluralsight/SimpleDemo/SimpleDemo.Tests/SimpleDemo.Tests.csproj" />
  <Project Path="D:/Programiranje/Patterns/CodeSnippets/Testing/Aproval Tests for .NET Pluralsight/SimpleDemo/SimpleDemo/SimpleDemo.csproj" />
</Solution>
