<Solution>
  <Project Path="D:/Programiranje/Patterns/CodeSnippets/Testing/Aproval Tests for .NET Pluralsight/Hangman/Hangman.Tests/Hangman.Tests.csproj" />
  <Project Path="D:/Programiranje/Patterns/CodeSnippets/Testing/Aproval Tests for .NET Pluralsight/Hangman/Hangman/Hangman.csproj" />
</Solution>
